
Microsoft Visual Studio Solution File, Format Version 12.00
# Visual Studio Version 17
VisualStudioVersion = 17.12.35323.107
MinimumVisualStudioVersion = 10.0.40219.1
Project("{FAE04EC0-301F-11D3-BF4B-00C04F79EFBC}") = "Tic Tac Toe", "Tic Tac Toe\Tic Tac Toe.csproj", "{39A129E7-3F2F-4880-9465-0BDB9294ABA8}"
EndProject
Project("{FAE04EC0-301F-11D3-BF4B-00C04F79EFBC}") = "TicTacToe.Tests", "TicTacToe.Tests\TicTacToe.Tests.csproj", "{3CE7C22C-F274-49E5-AF3C-487B94B9E6BB}"
EndProject
Global
	GlobalSection(SolutionConfigurationPlatforms) = preSolution
		Debug|Any CPU = Debug|Any CPU
		Release|Any CPU = Release|Any CPU
	EndGlobalSection
	GlobalSection(ProjectConfigurationPlatforms) = postSolution
		{39A129E7-3F2F-4880-9465-0BDB9294ABA8}.Debug|Any CPU.ActiveCfg = Debug|Any CPU
		{39A129E7-3F2F-4880-9465-0BDB9294ABA8}.Debug|Any CPU.Build.0 = Debug|Any CPU
		{39A129E7-3F2F-4880-9465-0BDB9294ABA8}.Release|Any CPU.ActiveCfg = Release|Any CPU
		{39A129E7-3F2F-4880-9465-0BDB9294ABA8}.Release|Any CPU.Build.0 = Release|Any CPU
		{3CE7C22C-F274-49E5-AF3C-487B94B9E6BB}.Debug|Any CPU.ActiveCfg = Debug|Any CPU
		{3CE7C22C-F274-49E5-AF3C-487B94B9E6BB}.Debug|Any CPU.Build.0 = Debug|Any CPU
		{3CE7C22C-F274-49E5-AF3C-487B94B9E6BB}.Release|Any CPU.ActiveCfg = Release|Any CPU
		{3CE7C22C-F274-49E5-AF3C-487B94B9E6BB}.Release|Any CPU.Build.0 = Release|Any CPU
	EndGlobalSection
	GlobalSection(SolutionProperties) = preSolution
		HideSolutionNode = FALSE
	EndGlobalSection
	GlobalSection(ExtensibilityGlobals) = postSolution
		SolutionGuid = {C8DAD46F-A3FD-4DF0-BCED-4DF8718DD441}
	EndGlobalSection
EndGlobal
